
Microsoft Visual Studio Solution File, Format Version 12.00
# Visual Studio 15
VisualStudioVersion = 15.0.27428.2043
MinimumVisualStudioVersion = 10.0.40219.1
Project("{FAE04EC0-301F-11D3-BF4B-00C04F79EFBC}") = "AirMonitor", "AirMonitor\AirMonitor.csproj", "{060432C6-9036-404B-8E3C-BD20AA173B43}"
EndProject
Project("{FAE04EC0-301F-11D3-BF4B-00C04F79EFBC}") = "Mqtt", "Mqtt\Mqtt.csproj", "{5116CE40-E0B0-4F0F-A81E-A708C2E37C96}"
EndProject
Project("{FAE04EC0-301F-11D3-BF4B-00C04F79EFBC}") = "WpfBroswer", "WpfBroswer\WpfBroswer.csproj", "{DD6429B6-2684-441B-B276-EA3D98177901}"
EndProject
Project("{FAE04EC0-301F-11D3-BF4B-00C04F79EFBC}") = "UseIEVersion", "UseIEVersion\UseIEVersion.csproj", "{14B7F15B-7AD7-4A99-91D0-B75023A31992}"
EndProject
Project("{FAE04EC0-301F-11D3-BF4B-00C04F79EFBC}") = "chart", "chart\chart.csproj", "{1C63FC60-C7C0-4C2E-A000-A91E8A5C780E}"
EndProject
Global
	GlobalSection(SolutionConfigurationPlatforms) = preSolution
		Debug|Any CPU = Debug|Any CPU
		Release|Any CPU = Release|Any CPU
	EndGlobalSection
	GlobalSection(ProjectConfigurationPlatforms) = postSolution
		{060432C6-9036-404B-8E3C-BD20AA173B43}.Debug|Any CPU.ActiveCfg = Debug|Any CPU
		{060432C6-9036-404B-8E3C-BD20AA173B43}.Debug|Any CPU.Build.0 = Debug|Any CPU
		{060432C6-9036-404B-8E3C-BD20AA173B43}.Release|Any CPU.ActiveCfg = Release|Any CPU
		{060432C6-9036-404B-8E3C-BD20AA173B43}.Release|Any CPU.Build.0 = Release|Any CPU
		{5116CE40-E0B0-4F0F-A81E-A708C2E37C96}.Debug|Any CPU.ActiveCfg = Debug|Any CPU
		{5116CE40-E0B0-4F0F-A81E-A708C2E37C96}.Debug|Any CPU.Build.0 = Debug|Any CPU
		{5116CE40-E0B0-4F0F-A81E-A708C2E37C96}.Release|Any CPU.ActiveCfg = Release|Any CPU
		{5116CE40-E0B0-4F0F-A81E-A708C2E37C96}.Release|Any CPU.Build.0 = Release|Any CPU
		{DD6429B6-2684-441B-B276-EA3D98177901}.Debug|Any CPU.ActiveCfg = Debug|Any CPU
		{DD6429B6-2684-441B-B276-EA3D98177901}.Debug|Any CPU.Build.0 = Debug|Any CPU
		{DD6429B6-2684-441B-B276-EA3D98177901}.Release|Any CPU.ActiveCfg = Release|Any CPU
		{DD6429B6-2684-441B-B276-EA3D98177901}.Release|Any CPU.Build.0 = Release|Any CPU
		{14B7F15B-7AD7-4A99-91D0-B75023A31992}.Debug|Any CPU.ActiveCfg = Debug|Any CPU
		{14B7F15B-7AD7-4A99-91D0-B75023A31992}.Debug|Any CPU.Build.0 = Debug|Any CPU
		{14B7F15B-7AD7-4A99-91D0-B75023A31992}.Release|Any CPU.ActiveCfg = Release|Any CPU
		{14B7F15B-7AD7-4A99-91D0-B75023A31992}.Release|Any CPU.Build.0 = Release|Any CPU
		{1C63FC60-C7C0-4C2E-A000-A91E8A5C780E}.Debug|Any CPU.ActiveCfg = Debug|Any CPU
		{1C63FC60-C7C0-4C2E-A000-A91E8A5C780E}.Debug|Any CPU.Build.0 = Debug|Any CPU
		{1C63FC60-C7C0-4C2E-A000-A91E8A5C780E}.Release|Any CPU.ActiveCfg = Release|Any CPU
		{1C63FC60-C7C0-4C2E-A000-A91E8A5C780E}.Release|Any CPU.Build.0 = Release|Any CPU
	EndGlobalSection
	GlobalSection(SolutionProperties) = preSolution
		HideSolutionNode = FALSE
	EndGlobalSection
	GlobalSection(ExtensibilityGlobals) = postSolution
		SolutionGuid = {3EC2BFD8-35BB-43C8-B982-B374231DFC56}
	EndGlobalSection
EndGlobal
